
Microsoft Visual Studio Solution File, Format Version 12.00
# Visual Studio Version 17
VisualStudioVersion = 17.4.33110.190
MinimumVisualStudioVersion = 10.0.40219.1
Project("{FAE04EC0-301F-11D3-BF4B-00C04F79EFBC}") = "ConsoleUI", "Linq101\ConsoleUI.csproj", "{E3A5061D-4FEF-4059-A3BD-F55F8352625E}"
EndProject
Project("{FAE04EC0-301F-11D3-BF4B-00C04F79EFBC}") = "FormUI", "FormUI\FormUI.csproj", "{922062B2-BA2A-49AA-8F35-A7D5BF1B2484}"
EndProject
Project("{FAE04EC0-301F-11D3-BF4B-00C04F79EFBC}") = "LinqLibrary", "LinqLibrary\LinqLibrary.csproj", "{5FB1DCFE-E530-4A8B-9EC1-5772765FE15C}"
EndProject
Global
	GlobalSection(SolutionConfigurationPlatforms) = preSolution
		Debug|Any CPU = Debug|Any CPU
		Release|Any CPU = Release|Any CPU
	EndGlobalSection
	GlobalSection(ProjectConfigurationPlatforms) = postSolution
		{E3A5061D-4FEF-4059-A3BD-F55F8352625E}.Debug|Any CPU.ActiveCfg = Debug|Any CPU
		{E3A5061D-4FEF-4059-A3BD-F55F8352625E}.Debug|Any CPU.Build.0 = Debug|Any CPU
		{E3A5061D-4FEF-4059-A3BD-F55F8352625E}.Release|Any CPU.ActiveCfg = Release|Any CPU
		{E3A5061D-4FEF-4059-A3BD-F55F8352625E}.Release|Any CPU.Build.0 = Release|Any CPU
		{922062B2-BA2A-49AA-8F35-A7D5BF1B2484}.Debug|Any CPU.ActiveCfg = Debug|Any CPU
		{922062B2-BA2A-49AA-8F35-A7D5BF1B2484}.Debug|Any CPU.Build.0 = Debug|Any CPU
		{922062B2-BA2A-49AA-8F35-A7D5BF1B2484}.Release|Any CPU.ActiveCfg = Release|Any CPU
		{922062B2-BA2A-49AA-8F35-A7D5BF1B2484}.Release|Any CPU.Build.0 = Release|Any CPU
		{5FB1DCFE-E530-4A8B-9EC1-5772765FE15C}.Debug|Any CPU.ActiveCfg = Debug|Any CPU
		{5FB1DCFE-E530-4A8B-9EC1-5772765FE15C}.Debug|Any CPU.Build.0 = Debug|Any CPU
		{5FB1DCFE-E530-4A8B-9EC1-5772765FE15C}.Release|Any CPU.ActiveCfg = Release|Any CPU
		{5FB1DCFE-E530-4A8B-9EC1-5772765FE15C}.Release|Any CPU.Build.0 = Release|Any CPU
	EndGlobalSection
	GlobalSection(SolutionProperties) = preSolution
		HideSolutionNode = FALSE
	EndGlobalSection
	GlobalSection(ExtensibilityGlobals) = postSolution
		SolutionGuid = {F0862424-0BD8-4660-A1BF-DC74FE4669C9}
	EndGlobalSection
EndGlobal
